
Microsoft Visual Studio Solution File, Format Version 12.00
# Visual Studio Version 17
VisualStudioVersion = 17.5.33414.496
MinimumVisualStudioVersion = 10.0.40219.1
Project("{8BC9CEB8-8B4A-11D0-8D11-00A0C91BC942}") = "F1Ex1", "F1Ex1\F1Ex1.vcxproj", "{A4F35306-B501-49CC-8708-9E58DAEF57AD}"
EndProject
Project("{8BC9CEB8-8B4A-11D0-8D11-00A0C91BC942}") = "F1Ex2", "F1Ex2\F1Ex2.vcxproj", "{0E51C27A-D402-4878-BD71-560D31C000D2}"
EndProject
Project("{8BC9CEB8-8B4A-11D0-8D11-00A0C91BC942}") = "F1Ex3", "F1Ex3\F1Ex3.vcxproj", "{875DEEAD-143B-4654-ABE9-5E6E1D44A63F}"
EndProject
Project("{8BC9CEB8-8B4A-11D0-8D11-00A0C91BC942}") = "F1Ex4", "F1Ex4\F1Ex4.vcxproj", "{6AD64532-F629-4FE3-8F73-40EFD6945CFA}"
EndProject
Project("{8BC9CEB8-8B4A-11D0-8D11-00A0C91BC942}") = "F1Ex5", "F1Ex5\F1Ex5.vcxproj", "{064EDE5E-3F00-47E3-A31A-D9C0E91631AA}"
EndProject
Project("{8BC9CEB8-8B4A-11D0-8D11-00A0C91BC942}") = "F2Ex2", "F2Ex2\F2Ex2.vcxproj", "{7FCE7301-0F90-4495-BB4F-3C8A613582C7}"
EndProject
Project("{8BC9CEB8-8B4A-11D0-8D11-00A0C91BC942}") = "F3Ex2", "F3Ex2\F3Ex2.vcxproj", "{539995C3-F830-4C42-B378-E7AF751ECF61}"
EndProject
Project("{8BC9CEB8-8B4A-11D0-8D11-00A0C91BC942}") = "F3Ex3", "F3Ex3\F3Ex3.vcxproj", "{349D134D-27E7-4D34-B09D-17F07E46D9BD}"
EndProject
Project("{8BC9CEB8-8B4A-11D0-8D11-00A0C91BC942}") = "F3Ex4", "F3Ex4\F3Ex4.vcxproj", "{5EBD3A48-0010-41E1-9EAA-982AF2E430BA}"
EndProject
Project("{8BC9CEB8-8B4A-11D0-8D11-00A0C91BC942}") = "F4Ex1", "F4Ex1\F4Ex1.vcxproj", "{EB91708F-BE37-4A2C-897D-0777470D343A}"
EndProject
Project("{8BC9CEB8-8B4A-11D0-8D11-00A0C91BC942}") = "F5Ex1", "F5Ex1\F5Ex1.vcxproj", "{A5DB3F7F-235D-4E7C-9E23-444F0BF9B06D}"
EndProject
Project("{8BC9CEB8-8B4A-11D0-8D11-00A0C91BC942}") = "F6Ex2", "F6Ex2\F6Ex2.vcxproj", "{A64830C4-72D7-4E79-94D2-9ACC2B265A4B}"
EndProject
Project("{8BC9CEB8-8B4A-11D0-8D11-00A0C91BC942}") = "F6Ex3P", "F6Ex3\F6Ex3.vcxproj", "{CB875A17-B2DD-4375-BB93-DC81ECA9B6B6}"
EndProject
Project("{8BC9CEB8-8B4A-11D0-8D11-00A0C91BC942}") = "Template", "Template\Template.vcxproj", "{92EAE877-0186-4444-91BF-413E7379CEAB}"
EndProject
Project("{8BC9CEB8-8B4A-11D0-8D11-00A0C91BC942}") = "F6Ex3C", "F6Ex3C\F6Ex3C.vcxproj", "{D9A4F971-F722-4C6A-A8E1-75057A9EC0B5}"
EndProject
Project("{8BC9CEB8-8B4A-11D0-8D11-00A0C91BC942}") = "F7Ex1", "F7Ex1\F7Ex1.vcxproj", "{0CAFDD3A-8F90-4AE3-A77D-131CCF574746}"
EndProject
Project("{8BC9CEB8-8B4A-11D0-8D11-00A0C91BC942}") = "F7Ex3", "F7Ex3\F7Ex3.vcxproj", "{7488E781-6323-4B65-AAB6-C55E83CB29BB}"
EndProject
Project("{8BC9CEB8-8B4A-11D0-8D11-00A0C91BC942}") = "F7Ex2", "F7Ex2\F7Ex2.vcxproj", "{A873D461-12F4-410E-9C38-D359F7EEAA14}"
EndProject
Project("{8BC9CEB8-8B4A-11D0-8D11-00A0C91BC942}") = "F7Ex6L", "F7Ex6\F7Ex6.vcxproj", "{D0256F09-4616-4650-AF04-888E2C5802D1}"
EndProject
Project("{8BC9CEB8-8B4A-11D0-8D11-00A0C91BC942}") = "F7Ex6R", "F7Ex6R\F7Ex6R.vcxproj", "{EF39A07C-1AC1-455D-8239-D3CDB13C1E8C}"
EndProject
Project("{8BC9CEB8-8B4A-11D0-8D11-00A0C91BC942}") = "F8Ex1", "F8\F8.vcxproj", "{D1E7B8C1-0152-4473-AC54-4301446D7390}"
EndProject
Project("{8BC9CEB8-8B4A-11D0-8D11-00A0C91BC942}") = "F8Ex2", "F8Ex2\F8Ex2.vcxproj", "{96E62C5A-C4BC-4665-8EA3-CCA5E4E9D849}"
EndProject
Project("{8BC9CEB8-8B4A-11D0-8D11-00A0C91BC942}") = "F8Ex3", "F8Ex3\F8Ex3.vcxproj", "{A8380749-1120-4117-9D85-13E7D8D042F6}"
EndProject
Project("{8BC9CEB8-8B4A-11D0-8D11-00A0C91BC942}") = "F8Ex3B", "F8Ex3B\F8Ex3B.vcxproj", "{DADFEF21-0160-42DF-95A1-168CD6125B29}"
EndProject
Project("{8BC9CEB8-8B4A-11D0-8D11-00A0C91BC942}") = "F8Ex8", "F8Ex8\F8Ex8.vcxproj", "{A0657321-B03E-4165-BB68-9D8A8C535988}"
EndProject
Global
	GlobalSection(SolutionConfigurationPlatforms) = preSolution
		Debug|x64 = Debug|x64
		Debug|x86 = Debug|x86
		Release|x64 = Release|x64
		Release|x86 = Release|x86
	EndGlobalSection
	GlobalSection(ProjectConfigurationPlatforms) = postSolution
		{A4F35306-B501-49CC-8708-9E58DAEF57AD}.Debug|x64.ActiveCfg = Debug|x64
		{A4F35306-B501-49CC-8708-9E58DAEF57AD}.Debug|x64.Build.0 = Debug|x64
		{A4F35306-B501-49CC-8708-9E58DAEF57AD}.Debug|x86.ActiveCfg = Debug|Win32
		{A4F35306-B501-49CC-8708-9E58DAEF57AD}.Debug|x86.Build.0 = Debug|Win32
		{A4F35306-B501-49CC-8708-9E58DAEF57AD}.Release|x64.ActiveCfg = Release|x64
		{A4F35306-B501-49CC-8708-9E58DAEF57AD}.Release|x64.Build.0 = Release|x64
		{A4F35306-B501-49CC-8708-9E58DAEF57AD}.Release|x86.ActiveCfg = Release|Win32
		{A4F35306-B501-49CC-8708-9E58DAEF57AD}.Release|x86.Build.0 = Release|Win32
		{0E51C27A-D402-4878-BD71-560D31C000D2}.Debug|x64.ActiveCfg = Debug|x64
		{0E51C27A-D402-4878-BD71-560D31C000D2}.Debug|x64.Build.0 = Debug|x64
		{0E51C27A-D402-4878-BD71-560D31C000D2}.Debug|x86.ActiveCfg = Debug|Win32
		{0E51C27A-D402-4878-BD71-560D31C000D2}.Debug|x86.Build.0 = Debug|Win32
		{0E51C27A-D402-4878-BD71-560D31C000D2}.Release|x64.ActiveCfg = Release|x64
		{0E51C27A-D402-4878-BD71-560D31C000D2}.Release|x64.Build.0 = Release|x64
		{0E51C27A-D402-4878-BD71-560D31C000D2}.Release|x86.ActiveCfg = Release|Win32
		{0E51C27A-D402-4878-BD71-560D31C000D2}.Release|x86.Build.0 = Release|Win32
		{875DEEAD-143B-4654-ABE9-5E6E1D44A63F}.Debug|x64.ActiveCfg = Debug|x64
		{875DEEAD-143B-4654-ABE9-5E6E1D44A63F}.Debug|x64.Build.0 = Debug|x64
		{875DEEAD-143B-4654-ABE9-5E6E1D44A63F}.Debug|x86.ActiveCfg = Debug|Win32
		{875DEEAD-143B-4654-ABE9-5E6E1D44A63F}.Debug|x86.Build.0 = Debug|Win32
		{875DEEAD-143B-4654-ABE9-5E6E1D44A63F}.Release|x64.ActiveCfg = Release|x64
		{875DEEAD-143B-4654-ABE9-5E6E1D44A63F}.Release|x64.Build.0 = Release|x64
		{875DEEAD-143B-4654-ABE9-5E6E1D44A63F}.Release|x86.ActiveCfg = Release|Win32
		{875DEEAD-143B-4654-ABE9-5E6E1D44A63F}.Release|x86.Build.0 = Release|Win32
		{6AD64532-F629-4FE3-8F73-40EFD6945CFA}.Debug|x64.ActiveCfg = Debug|x64
		{6AD64532-F629-4FE3-8F73-40EFD6945CFA}.Debug|x64.Build.0 = Debug|x64
		{6AD64532-F629-4FE3-8F73-40EFD6945CFA}.Debug|x86.ActiveCfg = Debug|Win32
		{6AD64532-F629-4FE3-8F73-40EFD6945CFA}.Debug|x86.Build.0 = Debug|Win32
		{6AD64532-F629-4FE3-8F73-40EFD6945CFA}.Release|x64.ActiveCfg = Release|x64
		{6AD64532-F629-4FE3-8F73-40EFD6945CFA}.Release|x64.Build.0 = Release|x64
		{6AD64532-F629-4FE3-8F73-40EFD6945CFA}.Release|x86.ActiveCfg = Release|Win32
		{6AD64532-F629-4FE3-8F73-40EFD6945CFA}.Release|x86.Build.0 = Release|Win32
		{064EDE5E-3F00-47E3-A31A-D9C0E91631AA}.Debug|x64.ActiveCfg = Debug|x64
		{064EDE5E-3F00-47E3-A31A-D9C0E91631AA}.Debug|x64.Build.0 = Debug|x64
		{064EDE5E-3F00-47E3-A31A-D9C0E91631AA}.Debug|x86.ActiveCfg = Debug|Win32
		{064EDE5E-3F00-47E3-A31A-D9C0E91631AA}.Debug|x86.Build.0 = Debug|Win32
		{064EDE5E-3F00-47E3-A31A-D9C0E91631AA}.Release|x64.ActiveCfg = Release|x64
		{064EDE5E-3F00-47E3-A31A-D9C0E91631AA}.Release|x64.Build.0 = Release|x64
		{064EDE5E-3F00-47E3-A31A-D9C0E91631AA}.Release|x86.ActiveCfg = Release|Win32
		{064EDE5E-3F00-47E3-A31A-D9C0E91631AA}.Release|x86.Build.0 = Release|Win32
		{7FCE7301-0F90-4495-BB4F-3C8A613582C7}.Debug|x64.ActiveCfg = Debug|x64
		{7FCE7301-0F90-4495-BB4F-3C8A613582C7}.Debug|x64.Build.0 = Debug|x64
		{7FCE7301-0F90-4495-BB4F-3C8A613582C7}.Debug|x86.ActiveCfg = Debug|Win32
		{7FCE7301-0F90-4495-BB4F-3C8A613582C7}.Debug|x86.Build.0 = Debug|Win32
		{7FCE7301-0F90-4495-BB4F-3C8A613582C7}.Release|x64.ActiveCfg = Release|x64
		{7FCE7301-0F90-4495-BB4F-3C8A613582C7}.Release|x64.Build.0 = Release|x64
		{7FCE7301-0F90-4495-BB4F-3C8A613582C7}.Release|x86.ActiveCfg = Release|Win32
		{7FCE7301-0F90-4495-BB4F-3C8A613582C7}.Release|x86.Build.0 = Release|Win32
		{539995C3-F830-4C42-B378-E7AF751ECF61}.Debug|x64.ActiveCfg = Debug|x64
		{539995C3-F830-4C42-B378-E7AF751ECF61}.Debug|x64.Build.0 = Debug|x64
		{539995C3-F830-4C42-B378-E7AF751ECF61}.Debug|x86.ActiveCfg = Debug|Win32
		{539995C3-F830-4C42-B378-E7AF751ECF61}.Debug|x86.Build.0 = Debug|Win32
		{539995C3-F830-4C42-B378-E7AF751ECF61}.Release|x64.ActiveCfg = Release|x64
		{539995C3-F830-4C42-B378-E7AF751ECF61}.Release|x64.Build.0 = Release|x64
		{539995C3-F830-4C42-B378-E7AF751ECF61}.Release|x86.ActiveCfg = Release|Win32
		{539995C3-F830-4C42-B378-E7AF751ECF61}.Release|x86.Build.0 = Release|Win32
		{349D134D-27E7-4D34-B09D-17F07E46D9BD}.Debug|x64.ActiveCfg = Debug|x64
		{349D134D-27E7-4D34-B09D-17F07E46D9BD}.Debug|x64.Build.0 = Debug|x64
		{349D134D-27E7-4D34-B09D-17F07E46D9BD}.Debug|x86.ActiveCfg = Debug|Win32
		{349D134D-27E7-4D34-B09D-17F07E46D9BD}.Debug|x86.Build.0 = Debug|Win32
		{349D134D-27E7-4D34-B09D-17F07E46D9BD}.Release|x64.ActiveCfg = Release|x64
		{349D134D-27E7-4D34-B09D-17F07E46D9BD}.Release|x64.Build.0 = Release|x64
		{349D134D-27E7-4D34-B09D-17F07E46D9BD}.Release|x86.ActiveCfg = Release|Win32
		{349D134D-27E7-4D34-B09D-17F07E46D9BD}.Release|x86.Build.0 = Release|Win32
		{5EBD3A48-0010-41E1-9EAA-982AF2E430BA}.Debug|x64.ActiveCfg = Debug|x64
		{5EBD3A48-0010-41E1-9EAA-982AF2E430BA}.Debug|x64.Build.0 = Debug|x64
		{5EBD3A48-0010-41E1-9EAA-982AF2E430BA}.Debug|x86.ActiveCfg = Debug|Win32
		{5EBD3A48-0010-41E1-9EAA-982AF2E430BA}.Debug|x86.Build.0 = Debug|Win32
		{5EBD3A48-0010-41E1-9EAA-982AF2E430BA}.Release|x64.ActiveCfg = Release|x64
		{5EBD3A48-0010-41E1-9EAA-982AF2E430BA}.Release|x64.Build.0 = Release|x64
		{5EBD3A48-0010-41E1-9EAA-982AF2E430BA}.Release|x86.ActiveCfg = Release|Win32
		{5EBD3A48-0010-41E1-9EAA-982AF2E430BA}.Release|x86.Build.0 = Release|Win32
		{EB91708F-BE37-4A2C-897D-0777470D343A}.Debug|x64.ActiveCfg = Debug|x64
		{EB91708F-BE37-4A2C-897D-0777470D343A}.Debug|x64.Build.0 = Debug|x64
		{EB91708F-BE37-4A2C-897D-0777470D343A}.Debug|x86.ActiveCfg = Debug|Win32
		{EB91708F-BE37-4A2C-897D-0777470D343A}.Debug|x86.Build.0 = Debug|Win32
		{EB91708F-BE37-4A2C-897D-0777470D343A}.Release|x64.ActiveCfg = Release|x64
		{EB91708F-BE37-4A2C-897D-0777470D343A}.Release|x64.Build.0 = Release|x64
		{EB91708F-BE37-4A2C-897D-0777470D343A}.Release|x86.ActiveCfg = Release|Win32
		{EB91708F-BE37-4A2C-897D-0777470D343A}.Release|x86.Build.0 = Release|Win32
		{A5DB3F7F-235D-4E7C-9E23-444F0BF9B06D}.Debug|x64.ActiveCfg = Debug|x64
		{A5DB3F7F-235D-4E7C-9E23-444F0BF9B06D}.Debug|x64.Build.0 = Debug|x64
		{A5DB3F7F-235D-4E7C-9E23-444F0BF9B06D}.Debug|x86.ActiveCfg = Debug|Win32
		{A5DB3F7F-235D-4E7C-9E23-444F0BF9B06D}.Debug|x86.Build.0 = Debug|Win32
		{A5DB3F7F-235D-4E7C-9E23-444F0BF9B06D}.Release|x64.ActiveCfg = Release|x64
		{A5DB3F7F-235D-4E7C-9E23-444F0BF9B06D}.Release|x64.Build.0 = Release|x64
		{A5DB3F7F-235D-4E7C-9E23-444F0BF9B06D}.Release|x86.ActiveCfg = Release|Win32
		{A5DB3F7F-235D-4E7C-9E23-444F0BF9B06D}.Release|x86.Build.0 = Release|Win32
		{A64830C4-72D7-4E79-94D2-9ACC2B265A4B}.Debug|x64.ActiveCfg = Debug|x64
		{A64830C4-72D7-4E79-94D2-9ACC2B265A4B}.Debug|x64.Build.0 = Debug|x64
		{A64830C4-72D7-4E79-94D2-9ACC2B265A4B}.Debug|x86.ActiveCfg = Debug|Win32
		{A64830C4-72D7-4E79-94D2-9ACC2B265A4B}.Debug|x86.Build.0 = Debug|Win32
		{A64830C4-72D7-4E79-94D2-9ACC2B265A4B}.Release|x64.ActiveCfg = Release|x64
		{A64830C4-72D7-4E79-94D2-9ACC2B265A4B}.Release|x64.Build.0 = Release|x64
		{A64830C4-72D7-4E79-94D2-9ACC2B265A4B}.Release|x86.ActiveCfg = Release|Win32
		{A64830C4-72D7-4E79-94D2-9ACC2B265A4B}.Release|x86.Build.0 = Release|Win32
		{CB875A17-B2DD-4375-BB93-DC81ECA9B6B6}.Debug|x64.ActiveCfg = Debug|x64
		{CB875A17-B2DD-4375-BB93-DC81ECA9B6B6}.Debug|x64.Build.0 = Debug|x64
		{CB875A17-B2DD-4375-BB93-DC81ECA9B6B6}.Debug|x86.ActiveCfg = Debug|Win32
		{CB875A17-B2DD-4375-BB93-DC81ECA9B6B6}.Debug|x86.Build.0 = Debug|Win32
		{CB875A17-B2DD-4375-BB93-DC81ECA9B6B6}.Release|x64.ActiveCfg = Release|x64
		{CB875A17-B2DD-4375-BB93-DC81ECA9B6B6}.Release|x64.Build.0 = Release|x64
		{CB875A17-B2DD-4375-BB93-DC81ECA9B6B6}.Release|x86.ActiveCfg = Release|Win32
		{CB875A17-B2DD-4375-BB93-DC81ECA9B6B6}.Release|x86.Build.0 = Release|Win32
		{92EAE877-0186-4444-91BF-413E7379CEAB}.Debug|x64.ActiveCfg = Debug|x64
		{92EAE877-0186-4444-91BF-413E7379CEAB}.Debug|x64.Build.0 = Debug|x64
		{92EAE877-0186-4444-91BF-413E7379CEAB}.Debug|x86.ActiveCfg = Debug|Win32
		{92EAE877-0186-4444-91BF-413E7379CEAB}.Debug|x86.Build.0 = Debug|Win32
		{92EAE877-0186-4444-91BF-413E7379CEAB}.Release|x64.ActiveCfg = Release|x64
		{92EAE877-0186-4444-91BF-413E7379CEAB}.Release|x64.Build.0 = Release|x64
		{92EAE877-0186-4444-91BF-413E7379CEAB}.Release|x86.ActiveCfg = Release|Win32
		{92EAE877-0186-4444-91BF-413E7379CEAB}.Release|x86.Build.0 = Release|Win32
		{D9A4F971-F722-4C6A-A8E1-75057A9EC0B5}.Debug|x64.ActiveCfg = Debug|x64
		{D9A4F971-F722-4C6A-A8E1-75057A9EC0B5}.Debug|x64.Build.0 = Debug|x64
		{D9A4F971-F722-4C6A-A8E1-75057A9EC0B5}.Debug|x86.ActiveCfg = Debug|Win32
		{D9A4F971-F722-4C6A-A8E1-75057A9EC0B5}.Debug|x86.Build.0 = Debug|Win32
		{D9A4F971-F722-4C6A-A8E1-75057A9EC0B5}.Release|x64.ActiveCfg = Release|x64
		{D9A4F971-F722-4C6A-A8E1-75057A9EC0B5}.Release|x64.Build.0 = Release|x64
		{D9A4F971-F722-4C6A-A8E1-75057A9EC0B5}.Release|x86.ActiveCfg = Release|Win32
		{D9A4F971-F722-4C6A-A8E1-75057A9EC0B5}.Release|x86.Build.0 = Release|Win32
		{0CAFDD3A-8F90-4AE3-A77D-131CCF574746}.Debug|x64.ActiveCfg = Debug|x64
		{0CAFDD3A-8F90-4AE3-A77D-131CCF574746}.Debug|x64.Build.0 = Debug|x64
		{0CAFDD3A-8F90-4AE3-A77D-131CCF574746}.Debug|x86.ActiveCfg = Debug|Win32
		{0CAFDD3A-8F90-4AE3-A77D-131CCF574746}.Debug|x86.Build.0 = Debug|Win32
		{0CAFDD3A-8F90-4AE3-A77D-131CCF574746}.Release|x64.ActiveCfg = Release|x64
		{0CAFDD3A-8F90-4AE3-A77D-131CCF574746}.Release|x64.Build.0 = Release|x64
		{0CAFDD3A-8F90-4AE3-A77D-131CCF574746}.Release|x86.ActiveCfg = Release|Win32
		{0CAFDD3A-8F90-4AE3-A77D-131CCF574746}.Release|x86.Build.0 = Release|Win32
		{7488E781-6323-4B65-AAB6-C55E83CB29BB}.Debug|x64.ActiveCfg = Debug|x64
		{7488E781-6323-4B65-AAB6-C55E83CB29BB}.Debug|x64.Build.0 = Debug|x64
		{7488E781-6323-4B65-AAB6-C55E83CB29BB}.Debug|x86.ActiveCfg = Debug|Win32
		{7488E781-6323-4B65-AAB6-C55E83CB29BB}.Debug|x86.Build.0 = Debug|Win32
		{7488E781-6323-4B65-AAB6-C55E83CB29BB}.Release|x64.ActiveCfg = Release|x64
		{7488E781-6323-4B65-AAB6-C55E83CB29BB}.Release|x64.Build.0 = Release|x64
		{7488E781-6323-4B65-AAB6-C55E83CB29BB}.Release|x86.ActiveCfg = Release|Win32
		{7488E781-6323-4B65-AAB6-C55E83CB29BB}.Release|x86.Build.0 = Release|Win32
		{A873D461-12F4-410E-9C38-D359F7EEAA14}.Debug|x64.ActiveCfg = Debug|x64
		{A873D461-12F4-410E-9C38-D359F7EEAA14}.Debug|x64.Build.0 = Debug|x64
		{A873D461-12F4-410E-9C38-D359F7EEAA14}.Debug|x86.ActiveCfg = Debug|Win32
		{A873D461-12F4-410E-9C38-D359F7EEAA14}.Debug|x86.Build.0 = Debug|Win32
		{A873D461-12F4-410E-9C38-D359F7EEAA14}.Release|x64.ActiveCfg = Release|x64
		{A873D461-12F4-410E-9C38-D359F7EEAA14}.Release|x64.Build.0 = Release|x64
		{A873D461-12F4-410E-9C38-D359F7EEAA14}.Release|x86.ActiveCfg = Release|Win32
		{A873D461-12F4-410E-9C38-D359F7EEAA14}.Release|x86.Build.0 = Release|Win32
		{D0256F09-4616-4650-AF04-888E2C5802D1}.Debug|x64.ActiveCfg = Debug|x64
		{D0256F09-4616-4650-AF04-888E2C5802D1}.Debug|x64.Build.0 = Debug|x64
		{D0256F09-4616-4650-AF04-888E2C5802D1}.Debug|x86.ActiveCfg = Debug|Win32
		{D0256F09-4616-4650-AF04-888E2C5802D1}.Debug|x86.Build.0 = Debug|Win32
		{D0256F09-4616-4650-AF04-888E2C5802D1}.Release|x64.ActiveCfg = Release|x64
		{D0256F09-4616-4650-AF04-888E2C5802D1}.Release|x64.Build.0 = Release|x64
		{D0256F09-4616-4650-AF04-888E2C5802D1}.Release|x86.ActiveCfg = Release|Win32
		{D0256F09-4616-4650-AF04-888E2C5802D1}.Release|x86.Build.0 = Release|Win32
		{EF39A07C-1AC1-455D-8239-D3CDB13C1E8C}.Debug|x64.ActiveCfg = Debug|x64
		{EF39A07C-1AC1-455D-8239-D3CDB13C1E8C}.Debug|x64.Build.0 = Debug|x64
		{EF39A07C-1AC1-455D-8239-D3CDB13C1E8C}.Debug|x86.ActiveCfg = Debug|Win32
		{EF39A07C-1AC1-455D-8239-D3CDB13C1E8C}.Debug|x86.Build.0 = Debug|Win32
		{EF39A07C-1AC1-455D-8239-D3CDB13C1E8C}.Release|x64.ActiveCfg = Release|x64
		{EF39A07C-1AC1-455D-8239-D3CDB13C1E8C}.Release|x64.Build.0 = Release|x64
		{EF39A07C-1AC1-455D-8239-D3CDB13C1E8C}.Release|x86.ActiveCfg = Release|Win32
		{EF39A07C-1AC1-455D-8239-D3CDB13C1E8C}.Release|x86.Build.0 = Release|Win32
		{D1E7B8C1-0152-4473-AC54-4301446D7390}.Debug|x64.ActiveCfg = Debug|x64
		{D1E7B8C1-0152-4473-AC54-4301446D7390}.Debug|x64.Build.0 = Debug|x64
		{D1E7B8C1-0152-4473-AC54-4301446D7390}.Debug|x86.ActiveCfg = Debug|Win32
		{D1E7B8C1-0152-4473-AC54-4301446D7390}.Debug|x86.Build.0 = Debug|Win32
		{D1E7B8C1-0152-4473-AC54-4301446D7390}.Release|x64.ActiveCfg = Release|x64
		{D1E7B8C1-0152-4473-AC54-4301446D7390}.Release|x64.Build.0 = Release|x64
		{D1E7B8C1-0152-4473-AC54-4301446D7390}.Release|x86.ActiveCfg = Release|Win32
		{D1E7B8C1-0152-4473-AC54-4301446D7390}.Release|x86.Build.0 = Release|Win32
		{96E62C5A-C4BC-4665-8EA3-CCA5E4E9D849}.Debug|x64.ActiveCfg = Debug|x64
		{96E62C5A-C4BC-4665-8EA3-CCA5E4E9D849}.Debug|x64.Build.0 = Debug|x64
		{96E62C5A-C4BC-4665-8EA3-CCA5E4E9D849}.Debug|x86.ActiveCfg = Debug|Win32
		{96E62C5A-C4BC-4665-8EA3-CCA5E4E9D849}.Debug|x86.Build.0 = Debug|Win32
		{96E62C5A-C4BC-4665-8EA3-CCA5E4E9D849}.Release|x64.ActiveCfg = Release|x64
		{96E62C5A-C4BC-4665-8EA3-CCA5E4E9D849}.Release|x64.Build.0 = Release|x64
		{96E62C5A-C4BC-4665-8EA3-CCA5E4E9D849}.Release|x86.ActiveCfg = Release|Win32
		{96E62C5A-C4BC-4665-8EA3-CCA5E4E9D849}.Release|x86.Build.0 = Release|Win32
		{A8380749-1120-4117-9D85-13E7D8D042F6}.Debug|x64.ActiveCfg = Debug|x64
		{A8380749-1120-4117-9D85-13E7D8D042F6}.Debug|x64.Build.0 = Debug|x64
		{A8380749-1120-4117-9D85-13E7D8D042F6}.Debug|x86.ActiveCfg = Debug|Win32
		{A8380749-1120-4117-9D85-13E7D8D042F6}.Debug|x86.Build.0 = Debug|Win32
		{A8380749-1120-4117-9D85-13E7D8D042F6}.Release|x64.ActiveCfg = Release|x64
		{A8380749-1120-4117-9D85-13E7D8D042F6}.Release|x64.Build.0 = Release|x64
		{A8380749-1120-4117-9D85-13E7D8D042F6}.Release|x86.ActiveCfg = Release|Win32
		{A8380749-1120-4117-9D85-13E7D8D042F6}.Release|x86.Build.0 = Release|Win32
		{DADFEF21-0160-42DF-95A1-168CD6125B29}.Debug|x64.ActiveCfg = Debug|x64
		{DADFEF21-0160-42DF-95A1-168CD6125B29}.Debug|x64.Build.0 = Debug|x64
		{DADFEF21-0160-42DF-95A1-168CD6125B29}.Debug|x86.ActiveCfg = Debug|Win32
		{DADFEF21-0160-42DF-95A1-168CD6125B29}.Debug|x86.Build.0 = Debug|Win32
		{DADFEF21-0160-42DF-95A1-168CD6125B29}.Release|x64.ActiveCfg = Release|x64
		{DADFEF21-0160-42DF-95A1-168CD6125B29}.Release|x64.Build.0 = Release|x64
		{DADFEF21-0160-42DF-95A1-168CD6125B29}.Release|x86.ActiveCfg = Release|Win32
		{DADFEF21-0160-42DF-95A1-168CD6125B29}.Release|x86.Build.0 = Release|Win32
		{A0657321-B03E-4165-BB68-9D8A8C535988}.Debug|x64.ActiveCfg = Debug|x64
		{A0657321-B03E-4165-BB68-9D8A8C535988}.Debug|x64.Build.0 = Debug|x64
		{A0657321-B03E-4165-BB68-9D8A8C535988}.Debug|x86.ActiveCfg = Debug|Win32
		{A0657321-B03E-4165-BB68-9D8A8C535988}.Debug|x86.Build.0 = Debug|Win32
		{A0657321-B03E-4165-BB68-9D8A8C535988}.Release|x64.ActiveCfg = Release|x64
		{A0657321-B03E-4165-BB68-9D8A8C535988}.Release|x64.Build.0 = Release|x64
		{A0657321-B03E-4165-BB68-9D8A8C535988}.Release|x86.ActiveCfg = Release|Win32
		{A0657321-B03E-4165-BB68-9D8A8C535988}.Release|x86.Build.0 = Release|Win32
	EndGlobalSection
	GlobalSection(SolutionProperties) = preSolution
		HideSolutionNode = FALSE
	EndGlobalSection
	GlobalSection(ExtensibilityGlobals) = postSolution
		SolutionGuid = {C87A52E7-CE9F-4EE9-BC2B-2C330C218DDB}
	EndGlobalSection
EndGlobal
